
Microsoft Visual Studio Solution File, Format Version 12.00
# Visual Studio Version 17
VisualStudioVersion = 17.0.31903.59
MinimumVisualStudioVersion = 10.0.40219.1
Project("{FAE04EC0-301F-11D3-BF4B-00C04F79EFBC}") = "Assignment2", "Assignment2\Assignment2.csproj", "{58B168DB-5FA6-48D3-9E86-CA123575F503}"
EndProject
Project("{FAE04EC0-301F-11D3-BF4B-00C04F79EFBC}") = "PracticeExercises", "PracticeExercises\PracticeExercises.csproj", "{4530011F-B60B-4650-A98C-FBA30E2F3150}"
EndProject
Global
	GlobalSection(SolutionConfigurationPlatforms) = preSolution
		Debug|Any CPU = Debug|Any CPU
		Release|Any CPU = Release|Any CPU
	EndGlobalSection
	GlobalSection(SolutionProperties) = preSolution
		HideSolutionNode = FALSE
	EndGlobalSection
	GlobalSection(ProjectConfigurationPlatforms) = postSolution
		{58B168DB-5FA6-48D3-9E86-CA123575F503}.Debug|Any CPU.ActiveCfg = Debug|Any CPU
		{58B168DB-5FA6-48D3-9E86-CA123575F503}.Debug|Any CPU.Build.0 = Debug|Any CPU
		{58B168DB-5FA6-48D3-9E86-CA123575F503}.Release|Any CPU.ActiveCfg = Release|Any CPU
		{58B168DB-5FA6-48D3-9E86-CA123575F503}.Release|Any CPU.Build.0 = Release|Any CPU
		{4530011F-B60B-4650-A98C-FBA30E2F3150}.Debug|Any CPU.ActiveCfg = Debug|Any CPU
		{4530011F-B60B-4650-A98C-FBA30E2F3150}.Debug|Any CPU.Build.0 = Debug|Any CPU
		{4530011F-B60B-4650-A98C-FBA30E2F3150}.Release|Any CPU.ActiveCfg = Release|Any CPU
		{4530011F-B60B-4650-A98C-FBA30E2F3150}.Release|Any CPU.Build.0 = Release|Any CPU
	EndGlobalSection
EndGlobal
